
Microsoft Visual Studio Solution File, Format Version 12.00
# Visual Studio Version 17
VisualStudioVersion = 17.8.34316.72
MinimumVisualStudioVersion = 10.0.40219.1
Project("{9A19103F-16F7-4668-BE54-9A1E7A4F7556}") = "Zhiyun.Winform", "Zhiyun.Winform\Zhiyun.Winform.csproj", "{D80A3BF9-A096-4176-931C-0D95266E7A51}"
EndProject
Project("{9A19103F-16F7-4668-BE54-9A1E7A4F7556}") = "Zhiyun.Nodes", "Zhiyun.Nodes\Zhiyun.Nodes.csproj", "{D9846AB9-3272-4A45-8B6A-884AD20A3C25}"
EndProject
Project("{9A19103F-16F7-4668-BE54-9A1E7A4F7556}") = "Zhiyun.Utilities", "Zhiyun.Utilities\Zhiyun.Utilities.csproj", "{AD2BDE9C-811C-4696-A3E5-C1ABE569D96F}"
EndProject
Project("{9A19103F-16F7-4668-BE54-9A1E7A4F7556}") = "Zhiyun.FlowChart", "Zhiyun.FlowChart\Zhiyun.FlowChart.csproj", "{A4B5E33D-DFDF-44EC-B1ED-426402AA819A}"
EndProject
Project("{9A19103F-16F7-4668-BE54-9A1E7A4F7556}") = "Zhiyun.Web.API", "Zhiyun.Web.API\Zhiyun.Web.API.csproj", "{DCFAE506-C5AD-4E50-8AB4-6342C0C9558A}"
EndProject
Project("{FAE04EC0-301F-11D3-BF4B-00C04F79EFBC}") = "Zhiyun.Console", "Zhiyun.Console\Zhiyun.Console.csproj", "{66EFB188-862B-4486-9C40-75362D2ACD86}"
EndProject
Global
	GlobalSection(SolutionConfigurationPlatforms) = preSolution
		Debug|Any CPU = Debug|Any CPU
		Release|Any CPU = Release|Any CPU
	EndGlobalSection
	GlobalSection(ProjectConfigurationPlatforms) = postSolution
		{D80A3BF9-A096-4176-931C-0D95266E7A51}.Debug|Any CPU.ActiveCfg = Debug|Any CPU
		{D80A3BF9-A096-4176-931C-0D95266E7A51}.Debug|Any CPU.Build.0 = Debug|Any CPU
		{D80A3BF9-A096-4176-931C-0D95266E7A51}.Release|Any CPU.ActiveCfg = Release|Any CPU
		{D80A3BF9-A096-4176-931C-0D95266E7A51}.Release|Any CPU.Build.0 = Release|Any CPU
		{D9846AB9-3272-4A45-8B6A-884AD20A3C25}.Debug|Any CPU.ActiveCfg = Debug|Any CPU
		{D9846AB9-3272-4A45-8B6A-884AD20A3C25}.Debug|Any CPU.Build.0 = Debug|Any CPU
		{D9846AB9-3272-4A45-8B6A-884AD20A3C25}.Release|Any CPU.ActiveCfg = Release|Any CPU
		{D9846AB9-3272-4A45-8B6A-884AD20A3C25}.Release|Any CPU.Build.0 = Release|Any CPU
		{AD2BDE9C-811C-4696-A3E5-C1ABE569D96F}.Debug|Any CPU.ActiveCfg = Debug|Any CPU
		{AD2BDE9C-811C-4696-A3E5-C1ABE569D96F}.Debug|Any CPU.Build.0 = Debug|Any CPU
		{AD2BDE9C-811C-4696-A3E5-C1ABE569D96F}.Release|Any CPU.ActiveCfg = Release|Any CPU
		{AD2BDE9C-811C-4696-A3E5-C1ABE569D96F}.Release|Any CPU.Build.0 = Release|Any CPU
		{A4B5E33D-DFDF-44EC-B1ED-426402AA819A}.Debug|Any CPU.ActiveCfg = Debug|Any CPU
		{A4B5E33D-DFDF-44EC-B1ED-426402AA819A}.Debug|Any CPU.Build.0 = Debug|Any CPU
		{A4B5E33D-DFDF-44EC-B1ED-426402AA819A}.Release|Any CPU.ActiveCfg = Release|Any CPU
		{A4B5E33D-DFDF-44EC-B1ED-426402AA819A}.Release|Any CPU.Build.0 = Release|Any CPU
		{DCFAE506-C5AD-4E50-8AB4-6342C0C9558A}.Debug|Any CPU.ActiveCfg = Debug|Any CPU
		{DCFAE506-C5AD-4E50-8AB4-6342C0C9558A}.Debug|Any CPU.Build.0 = Debug|Any CPU
		{DCFAE506-C5AD-4E50-8AB4-6342C0C9558A}.Release|Any CPU.ActiveCfg = Release|Any CPU
		{DCFAE506-C5AD-4E50-8AB4-6342C0C9558A}.Release|Any CPU.Build.0 = Release|Any CPU
		{66EFB188-862B-4486-9C40-75362D2ACD86}.Debug|Any CPU.ActiveCfg = Debug|Any CPU
		{66EFB188-862B-4486-9C40-75362D2ACD86}.Debug|Any CPU.Build.0 = Debug|Any CPU
		{66EFB188-862B-4486-9C40-75362D2ACD86}.Release|Any CPU.ActiveCfg = Release|Any CPU
		{66EFB188-862B-4486-9C40-75362D2ACD86}.Release|Any CPU.Build.0 = Release|Any CPU
	EndGlobalSection
	GlobalSection(SolutionProperties) = preSolution
		HideSolutionNode = FALSE
	EndGlobalSection
	GlobalSection(ExtensibilityGlobals) = postSolution
		SolutionGuid = {FC27D6FA-76FF-47BF-A7DE-4029E581C14A}
	EndGlobalSection
EndGlobal
